// !$*UTF8*$!
{
	archiveVersion = 1;
	classes = {
	};
	objectVersion = 42;
	objects = {

/* Begin PBXBuildFile section */
		BB23390C16B7274B00A33144 /* Player.cpp in Sources */ = {isa = PBXBuildFile; fileRef = BB23390616B7274B00A33144 /* Player.cpp */; };
		BB26A10216C342CA0076D260 /* Weapon.cpp in Sources */ = {isa = PBXBuildFile; fileRef = BB26A10116C342CA0076D260 /* Weapon.cpp */; };
		BB62259916CC7244001E0B28 /* Creature.cpp in Sources */ = {isa = PBXBuildFile; fileRef = BB62259816CC7244001E0B28 /* Creature.cpp */; };
		BB84D25516D5433200F7BF7B /* IRC.cc in Sources */ = {isa = PBXBuildFile; fileRef = BB84D25316D5433200F7BF7B /* IRC.cc */; };
		BB9BD54316DC0BA5008CD560 /* ofxGamepad.cpp in Sources */ = {isa = PBXBuildFile; fileRef = BB9BD53816DC0BA5008CD560 /* ofxGamepad.cpp */; };
		BB9BD54416DC0BA5008CD560 /* ofxGamepadCamera.cpp in Sources */ = {isa = PBXBuildFile; fileRef = BB9BD53A16DC0BA5008CD560 /* ofxGamepadCamera.cpp */; };
		BB9BD54516DC0BA5008CD560 /* ofxGamepadHandler.cpp in Sources */ = {isa = PBXBuildFile; fileRef = BB9BD53D16DC0BA5008CD560 /* ofxGamepadHandler.cpp */; };
		BB9BD54616DC0BA5008CD560 /* ofxGamepadLinux.cpp in Sources */ = {isa = PBXBuildFile; fileRef = BB9BD53F16DC0BA5008CD560 /* ofxGamepadLinux.cpp */; };
		BB9BD54716DC0BA5008CD560 /* ofxGamepadOIS.cpp in Sources */ = {isa = PBXBuildFile; fileRef = BB9BD54116DC0BA5008CD560 /* ofxGamepadOIS.cpp */; };
		BB9BD57C16DC0BF2008CD560 /* libwgois64.a in Frameworks */ = {isa = PBXBuildFile; fileRef = BB9BD57316DC0BF2008CD560 /* libwgois64.a */; };
		BB9BD57D16DC0BF2008CD560 /* libOIS.a in Frameworks */ = {isa = PBXBuildFile; fileRef = BB9BD57516DC0BF2008CD560 /* libOIS.a */; };
		BB9BD57E16DC0BF2008CD560 /* OIS_static.lib in Frameworks */ = {isa = PBXBuildFile; fileRef = BB9BD57716DC0BF2008CD560 /* OIS_static.lib */; };
		BB9BD57F16DC0BF2008CD560 /* OIS_static_d.lib in Frameworks */ = {isa = PBXBuildFile; fileRef = BB9BD57816DC0BF2008CD560 /* OIS_static_d.lib */; };
		BB9BD58016DC0BF2008CD560 /* OIS_vs2010_static.lib in Frameworks */ = {isa = PBXBuildFile; fileRef = BB9BD57A16DC0BF2008CD560 /* OIS_vs2010_static.lib */; };
		BB9BD58116DC0BF2008CD560 /* OIS_vs2010_static_d.lib in Frameworks */ = {isa = PBXBuildFile; fileRef = BB9BD57B16DC0BF2008CD560 /* OIS_vs2010_static_d.lib */; };
		BB9BD58916DC188E008CD560 /* GameObject.cpp in Sources */ = {isa = PBXBuildFile; fileRef = BB9BD58816DC188E008CD560 /* GameObject.cpp */; };
		BB9BD58C16DC215C008CD560 /* Blocker.cpp in Sources */ = {isa = PBXBuildFile; fileRef = BB9BD58B16DC215C008CD560 /* Blocker.cpp */; };
		BBAB23CB13894F3D00AA2426 /* GLUT.framework in CopyFiles */ = {isa = PBXBuildFile; fileRef = BBAB23BE13894E4700AA2426 /* GLUT.framework */; };
		BBDC608D16BC7996004A3EA6 /* Health.cpp in Sources */ = {isa = PBXBuildFile; fileRef = BBDC608C16BC7996004A3EA6 /* Health.cpp */; };
		BBDC609016BC7AFC004A3EA6 /* Bullet.cpp in Sources */ = {isa = PBXBuildFile; fileRef = BBDC608F16BC7AFC004A3EA6 /* Bullet.cpp */; };
		BBEEAAF016CD82E100A5EDB4 /* Spectator.cpp in Sources */ = {isa = PBXBuildFile; fileRef = BBEEAAEF16CD82E100A5EDB4 /* Spectator.cpp */; };
		BBF314F416E00E940053C962 /* Chaser.cpp in Sources */ = {isa = PBXBuildFile; fileRef = BBF314F216E00E940053C962 /* Chaser.cpp */; };
		E4328149138ABC9F0047C5CB /* openFrameworksDebug.a in Frameworks */ = {isa = PBXBuildFile; fileRef = E4328148138ABC890047C5CB /* openFrameworksDebug.a */; };
		E45BE97B0E8CC7DD009D7055 /* AGL.framework in Frameworks */ = {isa = PBXBuildFile; fileRef = E45BE9710E8CC7DD009D7055 /* AGL.framework */; };
		E45BE97C0E8CC7DD009D7055 /* ApplicationServices.framework in Frameworks */ = {isa = PBXBuildFile; fileRef = E45BE9720E8CC7DD009D7055 /* ApplicationServices.framework */; };
		E45BE97D0E8CC7DD009D7055 /* AudioToolbox.framework in Frameworks */ = {isa = PBXBuildFile; fileRef = E45BE9730E8CC7DD009D7055 /* AudioToolbox.framework */; };
		E45BE97E0E8CC7DD009D7055 /* Carbon.framework in Frameworks */ = {isa = PBXBuildFile; fileRef = E45BE9740E8CC7DD009D7055 /* Carbon.framework */; };
		E45BE97F0E8CC7DD009D7055 /* CoreAudio.framework in Frameworks */ = {isa = PBXBuildFile; fileRef = E45BE9750E8CC7DD009D7055 /* CoreAudio.framework */; };
		E45BE9800E8CC7DD009D7055 /* CoreFoundation.framework in Frameworks */ = {isa = PBXBuildFile; fileRef = E45BE9760E8CC7DD009D7055 /* CoreFoundation.framework */; };
		E45BE9810E8CC7DD009D7055 /* CoreServices.framework in Frameworks */ = {isa = PBXBuildFile; fileRef = E45BE9770E8CC7DD009D7055 /* CoreServices.framework */; };
		E45BE9830E8CC7DD009D7055 /* OpenGL.framework in Frameworks */ = {isa = PBXBuildFile; fileRef = E45BE9790E8CC7DD009D7055 /* OpenGL.framework */; };
		E45BE9840E8CC7DD009D7055 /* QuickTime.framework in Frameworks */ = {isa = PBXBuildFile; fileRef = E45BE97A0E8CC7DD009D7055 /* QuickTime.framework */; };
		E4B69E200A3A1BDC003C02F2 /* main.cpp in Sources */ = {isa = PBXBuildFile; fileRef = E4B69E1D0A3A1BDC003C02F2 /* main.cpp */; };
		E4B69E210A3A1BDC003C02F2 /* testApp.cpp in Sources */ = {isa = PBXBuildFile; fileRef = E4B69E1E0A3A1BDC003C02F2 /* testApp.cpp */; };
		E4C2424710CC5A17004149E2 /* AppKit.framework in Frameworks */ = {isa = PBXBuildFile; fileRef = E4C2424410CC5A17004149E2 /* AppKit.framework */; };
		E4C2424810CC5A17004149E2 /* Cocoa.framework in Frameworks */ = {isa = PBXBuildFile; fileRef = E4C2424510CC5A17004149E2 /* Cocoa.framework */; };
		E4C2424910CC5A17004149E2 /* IOKit.framework in Frameworks */ = {isa = PBXBuildFile; fileRef = E4C2424610CC5A17004149E2 /* IOKit.framework */; };
		E4EB6799138ADC1D00A09F29 /* GLUT.framework in Frameworks */ = {isa = PBXBuildFile; fileRef = BBAB23BE13894E4700AA2426 /* GLUT.framework */; };
/* End PBXBuildFile section */

/* Begin PBXContainerItemProxy section */
		E4328147138ABC890047C5CB /* PBXContainerItemProxy */ = {
			isa = PBXContainerItemProxy;
			containerPortal = E4328143138ABC890047C5CB /* openFrameworksLib.xcodeproj */;
			proxyType = 2;
			remoteGlobalIDString = E4B27C1510CBEB8E00536013;
			remoteInfo = openFrameworks;
		};
		E4EEB9AB138B136A00A80321 /* PBXContainerItemProxy */ = {
			isa = PBXContainerItemProxy;
			containerPortal = E4328143138ABC890047C5CB /* openFrameworksLib.xcodeproj */;
			proxyType = 1;
			remoteGlobalIDString = E4B27C1410CBEB8E00536013;
			remoteInfo = openFrameworks;
		};
/* End PBXContainerItemProxy section */

/* Begin PBXCopyFilesBuildPhase section */
		E4C2427710CC5ABF004149E2 /* CopyFiles */ = {
			isa = PBXCopyFilesBuildPhase;
			buildActionMask = 2147483647;
			dstPath = "";
			dstSubfolderSpec = 10;
			files = (
				BBAB23CB13894F3D00AA2426 /* GLUT.framework in CopyFiles */,
			);
			runOnlyForDeploymentPostprocessing = 0;
		};
/* End PBXCopyFilesBuildPhase section */

/* Begin PBXFileReference section */
		BB23390616B7274B00A33144 /* Player.cpp */ = {isa = PBXFileReference; fileEncoding = 4; lastKnownFileType = sourcecode.cpp.cpp; path = Player.cpp; sourceTree = "<group>"; };
		BB23390716B7274B00A33144 /* Player.h */ = {isa = PBXFileReference; fileEncoding = 4; lastKnownFileType = sourcecode.c.h; path = Player.h; sourceTree = "<group>"; };
		BB26A10116C342CA0076D260 /* Weapon.cpp */ = {isa = PBXFileReference; fileEncoding = 4; lastKnownFileType = sourcecode.cpp.cpp; path = Weapon.cpp; sourceTree = "<group>"; };
		BB26A10416C342F90076D260 /* Weapon.h */ = {isa = PBXFileReference; fileEncoding = 4; lastKnownFileType = sourcecode.c.h; path = Weapon.h; sourceTree = "<group>"; };
		BB4FBBE716CC7205004A28B0 /* Creature.h */ = {isa = PBXFileReference; fileEncoding = 4; lastKnownFileType = sourcecode.c.h; path = Creature.h; sourceTree = "<group>"; };
		BB62259816CC7244001E0B28 /* Creature.cpp */ = {isa = PBXFileReference; fileEncoding = 4; lastKnownFileType = sourcecode.cpp.cpp; path = Creature.cpp; sourceTree = "<group>"; };
		BB84D25316D5433200F7BF7B /* IRC.cc */ = {isa = PBXFileReference; fileEncoding = 4; lastKnownFileType = sourcecode.cpp.cpp; path = IRC.cc; sourceTree = "<group>"; };
		BB84D25416D5433200F7BF7B /* IRC.h */ = {isa = PBXFileReference; fileEncoding = 4; lastKnownFileType = sourcecode.c.h; path = IRC.h; sourceTree = "<group>"; };
		BB9BD53816DC0BA5008CD560 /* ofxGamepad.cpp */ = {isa = PBXFileReference; fileEncoding = 4; lastKnownFileType = sourcecode.cpp.cpp; path = ofxGamepad.cpp; sourceTree = "<group>"; };
		BB9BD53916DC0BA5008CD560 /* ofxGamepad.h */ = {isa = PBXFileReference; fileEncoding = 4; lastKnownFileType = sourcecode.c.h; path = ofxGamepad.h; sourceTree = "<group>"; };
		BB9BD53A16DC0BA5008CD560 /* ofxGamepadCamera.cpp */ = {isa = PBXFileReference; fileEncoding = 4; lastKnownFileType = sourcecode.cpp.cpp; path = ofxGamepadCamera.cpp; sourceTree = "<group>"; };
		BB9BD53B16DC0BA5008CD560 /* ofxGamepadCamera.h */ = {isa = PBXFileReference; fileEncoding = 4; lastKnownFileType = sourcecode.c.h; path = ofxGamepadCamera.h; sourceTree = "<group>"; };
		BB9BD53C16DC0BA5008CD560 /* ofxGamepadConfigs.h */ = {isa = PBXFileReference; fileEncoding = 4; lastKnownFileType = sourcecode.c.h; path = ofxGamepadConfigs.h; sourceTree = "<group>"; };
		BB9BD53D16DC0BA5008CD560 /* ofxGamepadHandler.cpp */ = {isa = PBXFileReference; fileEncoding = 4; lastKnownFileType = sourcecode.cpp.cpp; path = ofxGamepadHandler.cpp; sourceTree = "<group>"; };
		BB9BD53E16DC0BA5008CD560 /* ofxGamepadHandler.h */ = {isa = PBXFileReference; fileEncoding = 4; lastKnownFileType = sourcecode.c.h; path = ofxGamepadHandler.h; sourceTree = "<group>"; };
		BB9BD53F16DC0BA5008CD560 /* ofxGamepadLinux.cpp */ = {isa = PBXFileReference; fileEncoding = 4; lastKnownFileType = sourcecode.cpp.cpp; path = ofxGamepadLinux.cpp; sourceTree = "<group>"; };
		BB9BD54016DC0BA5008CD560 /* ofxGamepadLinux.h */ = {isa = PBXFileReference; fileEncoding = 4; lastKnownFileType = sourcecode.c.h; path = ofxGamepadLinux.h; sourceTree = "<group>"; };
		BB9BD54116DC0BA5008CD560 /* ofxGamepadOIS.cpp */ = {isa = PBXFileReference; fileEncoding = 4; lastKnownFileType = sourcecode.cpp.cpp; path = ofxGamepadOIS.cpp; sourceTree = "<group>"; };
		BB9BD54216DC0BA5008CD560 /* ofxGamepadOIS.h */ = {isa = PBXFileReference; fileEncoding = 4; lastKnownFileType = sourcecode.c.h; path = ofxGamepadOIS.h; sourceTree = "<group>"; };
		BB9BD54C16DC0BF2008CD560 /* EventHelpers.h */ = {isa = PBXFileReference; fileEncoding = 4; lastKnownFileType = sourcecode.c.h; path = EventHelpers.h; sourceTree = "<group>"; };
		BB9BD54D16DC0BF2008CD560 /* LinuxForceFeedback.h */ = {isa = PBXFileReference; fileEncoding = 4; lastKnownFileType = sourcecode.c.h; path = LinuxForceFeedback.h; sourceTree = "<group>"; };
		BB9BD54E16DC0BF2008CD560 /* LinuxInputManager.h */ = {isa = PBXFileReference; fileEncoding = 4; lastKnownFileType = sourcecode.c.h; path = LinuxInputManager.h; sourceTree = "<group>"; };
		BB9BD54F16DC0BF2008CD560 /* LinuxJoyStickEvents.h */ = {isa = PBXFileReference; fileEncoding = 4; lastKnownFileType = sourcecode.c.h; path = LinuxJoyStickEvents.h; sourceTree = "<group>"; };
		BB9BD55016DC0BF2008CD560 /* LinuxKeyboard.h */ = {isa = PBXFileReference; fileEncoding = 4; lastKnownFileType = sourcecode.c.h; path = LinuxKeyboard.h; sourceTree = "<group>"; };
		BB9BD55116DC0BF2008CD560 /* LinuxMouse.h */ = {isa = PBXFileReference; fileEncoding = 4; lastKnownFileType = sourcecode.c.h; path = LinuxMouse.h; sourceTree = "<group>"; };
		BB9BD55216DC0BF2008CD560 /* LinuxPrereqs.h */ = {isa = PBXFileReference; fileEncoding = 4; lastKnownFileType = sourcecode.c.h; path = LinuxPrereqs.h; sourceTree = "<group>"; };
		BB9BD55416DC0BF2008CD560 /* MacHelpers.h */ = {isa = PBXFileReference; fileEncoding = 4; lastKnownFileType = sourcecode.c.h; path = MacHelpers.h; sourceTree = "<group>"; };
		BB9BD55516DC0BF2008CD560 /* MacHIDManager.h */ = {isa = PBXFileReference; fileEncoding = 4; lastKnownFileType = sourcecode.c.h; path = MacHIDManager.h; sourceTree = "<group>"; };
		BB9BD55616DC0BF2008CD560 /* MacInputManager.h */ = {isa = PBXFileReference; fileEncoding = 4; lastKnownFileType = sourcecode.c.h; path = MacInputManager.h; sourceTree = "<group>"; };
		BB9BD55716DC0BF2008CD560 /* MacJoyStick.h */ = {isa = PBXFileReference; fileEncoding = 4; lastKnownFileType = sourcecode.c.h; path = MacJoyStick.h; sourceTree = "<group>"; };
		BB9BD55816DC0BF2008CD560 /* MacKeyboard.h */ = {isa = PBXFileReference; fileEncoding = 4; lastKnownFileType = sourcecode.c.h; path = MacKeyboard.h; sourceTree = "<group>"; };
		BB9BD55916DC0BF2008CD560 /* MacMouse.h */ = {isa = PBXFileReference; fileEncoding = 4; lastKnownFileType = sourcecode.c.h; path = MacMouse.h; sourceTree = "<group>"; };
		BB9BD55A16DC0BF2008CD560 /* MacPrereqs.h */ = {isa = PBXFileReference; fileEncoding = 4; lastKnownFileType = sourcecode.c.h; path = MacPrereqs.h; sourceTree = "<group>"; };
		BB9BD55B16DC0BF2008CD560 /* OIS.h */ = {isa = PBXFileReference; fileEncoding = 4; lastKnownFileType = sourcecode.c.h; path = OIS.h; sourceTree = "<group>"; };
		BB9BD55C16DC0BF2008CD560 /* OISConfig.h */ = {isa = PBXFileReference; fileEncoding = 4; lastKnownFileType = sourcecode.c.h; path = OISConfig.h; sourceTree = "<group>"; };
		BB9BD55D16DC0BF2008CD560 /* OISEffect.h */ = {isa = PBXFileReference; fileEncoding = 4; lastKnownFileType = sourcecode.c.h; path = OISEffect.h; sourceTree = "<group>"; };
		BB9BD55E16DC0BF2008CD560 /* OISEvents.h */ = {isa = PBXFileReference; fileEncoding = 4; lastKnownFileType = sourcecode.c.h; path = OISEvents.h; sourceTree = "<group>"; };
		BB9BD55F16DC0BF2008CD560 /* OISException.h */ = {isa = PBXFileReference; fileEncoding = 4; lastKnownFileType = sourcecode.c.h; path = OISException.h; sourceTree = "<group>"; };
		BB9BD56016DC0BF2008CD560 /* OISFactoryCreator.h */ = {isa = PBXFileReference; fileEncoding = 4; lastKnownFileType = sourcecode.c.h; path = OISFactoryCreator.h; sourceTree = "<group>"; };
		BB9BD56116DC0BF2008CD560 /* OISForceFeedback.h */ = {isa = PBXFileReference; fileEncoding = 4; lastKnownFileType = sourcecode.c.h; path = OISForceFeedback.h; sourceTree = "<group>"; };
		BB9BD56216DC0BF2008CD560 /* OISInputManager.h */ = {isa = PBXFileReference; fileEncoding = 4; lastKnownFileType = sourcecode.c.h; path = OISInputManager.h; sourceTree = "<group>"; };
		BB9BD56316DC0BF2008CD560 /* OISInterface.h */ = {isa = PBXFileReference; fileEncoding = 4; lastKnownFileType = sourcecode.c.h; path = OISInterface.h; sourceTree = "<group>"; };
		BB9BD56416DC0BF2008CD560 /* OISJoyStick.h */ = {isa = PBXFileReference; fileEncoding = 4; lastKnownFileType = sourcecode.c.h; path = OISJoyStick.h; sourceTree = "<group>"; };
		BB9BD56516DC0BF2008CD560 /* OISKeyboard.h */ = {isa = PBXFileReference; fileEncoding = 4; lastKnownFileType = sourcecode.c.h; path = OISKeyboard.h; sourceTree = "<group>"; };
		BB9BD56616DC0BF2008CD560 /* OISMouse.h */ = {isa = PBXFileReference; fileEncoding = 4; lastKnownFileType = sourcecode.c.h; path = OISMouse.h; sourceTree = "<group>"; };
		BB9BD56716DC0BF2008CD560 /* OISMultiTouch.h */ = {isa = PBXFileReference; fileEncoding = 4; lastKnownFileType = sourcecode.c.h; path = OISMultiTouch.h; sourceTree = "<group>"; };
		BB9BD56816DC0BF2008CD560 /* OISObject.h */ = {isa = PBXFileReference; fileEncoding = 4; lastKnownFileType = sourcecode.c.h; path = OISObject.h; sourceTree = "<group>"; };
		BB9BD56916DC0BF2008CD560 /* OISPrereqs.h */ = {isa = PBXFileReference; fileEncoding = 4; lastKnownFileType = sourcecode.c.h; path = OISPrereqs.h; sourceTree = "<group>"; };
		BB9BD56B16DC0BF2008CD560 /* Win32ForceFeedback.h */ = {isa = PBXFileReference; fileEncoding = 4; lastKnownFileType = sourcecode.c.h; path = Win32ForceFeedback.h; sourceTree = "<group>"; };
		BB9BD56C16DC0BF2008CD560 /* Win32InputManager.h */ = {isa = PBXFileReference; fileEncoding = 4; lastKnownFileType = sourcecode.c.h; path = Win32InputManager.h; sourceTree = "<group>"; };
		BB9BD56D16DC0BF2008CD560 /* Win32JoyStick.h */ = {isa = PBXFileReference; fileEncoding = 4; lastKnownFileType = sourcecode.c.h; path = Win32JoyStick.h; sourceTree = "<group>"; };
		BB9BD56E16DC0BF2008CD560 /* Win32KeyBoard.h */ = {isa = PBXFileReference; fileEncoding = 4; lastKnownFileType = sourcecode.c.h; path = Win32KeyBoard.h; sourceTree = "<group>"; };
		BB9BD56F16DC0BF2008CD560 /* Win32Mouse.h */ = {isa = PBXFileReference; fileEncoding = 4; lastKnownFileType = sourcecode.c.h; path = Win32Mouse.h; sourceTree = "<group>"; };
		BB9BD57016DC0BF2008CD560 /* Win32Prereqs.h */ = {isa = PBXFileReference; fileEncoding = 4; lastKnownFileType = sourcecode.c.h; path = Win32Prereqs.h; sourceTree = "<group>"; };
		BB9BD57316DC0BF2008CD560 /* libwgois64.a */ = {isa = PBXFileReference; lastKnownFileType = archive.ar; path = libwgois64.a; sourceTree = "<group>"; };
		BB9BD57516DC0BF2008CD560 /* libOIS.a */ = {isa = PBXFileReference; lastKnownFileType = archive.ar; path = libOIS.a; sourceTree = "<group>"; };
		BB9BD57716DC0BF2008CD560 /* OIS_static.lib */ = {isa = PBXFileReference; lastKnownFileType = archive.ar; path = OIS_static.lib; sourceTree = "<group>"; };
		BB9BD57816DC0BF2008CD560 /* OIS_static_d.lib */ = {isa = PBXFileReference; lastKnownFileType = archive.ar; path = OIS_static_d.lib; sourceTree = "<group>"; };
		BB9BD57A16DC0BF2008CD560 /* OIS_vs2010_static.lib */ = {isa = PBXFileReference; lastKnownFileType = archive.ar; path = OIS_vs2010_static.lib; sourceTree = "<group>"; };
		BB9BD57B16DC0BF2008CD560 /* OIS_vs2010_static_d.lib */ = {isa = PBXFileReference; lastKnownFileType = archive.ar; path = OIS_vs2010_static_d.lib; sourceTree = "<group>"; };
		BB9BD58716DC1887008CD560 /* GameObject.h */ = {isa = PBXFileReference; fileEncoding = 4; lastKnownFileType = sourcecode.c.h; path = GameObject.h; sourceTree = "<group>"; };
		BB9BD58816DC188E008CD560 /* GameObject.cpp */ = {isa = PBXFileReference; fileEncoding = 4; lastKnownFileType = sourcecode.cpp.cpp; path = GameObject.cpp; sourceTree = "<group>"; };
		BB9BD58A16DC2155008CD560 /* Blocker.h */ = {isa = PBXFileReference; fileEncoding = 4; lastKnownFileType = sourcecode.c.h; path = Blocker.h; sourceTree = "<group>"; };
		BB9BD58B16DC215C008CD560 /* Blocker.cpp */ = {isa = PBXFileReference; fileEncoding = 4; lastKnownFileType = sourcecode.cpp.cpp; path = Blocker.cpp; sourceTree = "<group>"; };
		BBAB23BE13894E4700AA2426 /* GLUT.framework */ = {isa = PBXFileReference; lastKnownFileType = wrapper.framework; name = GLUT.framework; path = ../../../libs/glut/lib/osx/GLUT.framework; sourceTree = "<group>"; };
		BBDC608B16BC7989004A3EA6 /* Health.h */ = {isa = PBXFileReference; fileEncoding = 4; lastKnownFileType = sourcecode.c.h; path = Health.h; sourceTree = "<group>"; };
		BBDC608C16BC7996004A3EA6 /* Health.cpp */ = {isa = PBXFileReference; fileEncoding = 4; lastKnownFileType = sourcecode.cpp.cpp; path = Health.cpp; sourceTree = "<group>"; };
		BBDC608E16BC7AF3004A3EA6 /* Bullet.h */ = {isa = PBXFileReference; fileEncoding = 4; lastKnownFileType = sourcecode.c.h; path = Bullet.h; sourceTree = "<group>"; };
		BBDC608F16BC7AFC004A3EA6 /* Bullet.cpp */ = {isa = PBXFileReference; fileEncoding = 4; lastKnownFileType = sourcecode.cpp.cpp; path = Bullet.cpp; sourceTree = "<group>"; };
		BBEEAAEE16CD82D900A5EDB4 /* Spectator.h */ = {isa = PBXFileReference; fileEncoding = 4; lastKnownFileType = sourcecode.c.h; path = Spectator.h; sourceTree = "<group>"; };
		BBEEAAEF16CD82E100A5EDB4 /* Spectator.cpp */ = {isa = PBXFileReference; fileEncoding = 4; lastKnownFileType = sourcecode.cpp.cpp; path = Spectator.cpp; sourceTree = "<group>"; };
		BBF314F216E00E940053C962 /* Chaser.cpp */ = {isa = PBXFileReference; fileEncoding = 4; lastKnownFileType = sourcecode.cpp.cpp; path = Chaser.cpp; sourceTree = "<group>"; };
		BBF314F316E00E940053C962 /* Chaser.h */ = {isa = PBXFileReference; fileEncoding = 4; lastKnownFileType = sourcecode.c.h; path = Chaser.h; sourceTree = "<group>"; };
		E4328143138ABC890047C5CB /* openFrameworksLib.xcodeproj */ = {isa = PBXFileReference; lastKnownFileType = "wrapper.pb-project"; name = openFrameworksLib.xcodeproj; path = ../../../libs/openFrameworksCompiled/project/osx/openFrameworksLib.xcodeproj; sourceTree = SOURCE_ROOT; };
		E45BE9710E8CC7DD009D7055 /* AGL.framework */ = {isa = PBXFileReference; lastKnownFileType = wrapper.framework; name = AGL.framework; path = /System/Library/Frameworks/AGL.framework; sourceTree = "<absolute>"; };
		E45BE9720E8CC7DD009D7055 /* ApplicationServices.framework */ = {isa = PBXFileReference; lastKnownFileType = wrapper.framework; name = ApplicationServices.framework; path = /System/Library/Frameworks/ApplicationServices.framework; sourceTree = "<absolute>"; };
		E45BE9730E8CC7DD009D7055 /* AudioToolbox.framework */ = {isa = PBXFileReference; lastKnownFileType = wrapper.framework; name = AudioToolbox.framework; path = /System/Library/Frameworks/AudioToolbox.framework; sourceTree = "<absolute>"; };
		E45BE9740E8CC7DD009D7055 /* Carbon.framework */ = {isa = PBXFileReference; lastKnownFileType = wrapper.framework; name = Carbon.framework; path = /System/Library/Frameworks/Carbon.framework; sourceTree = "<absolute>"; };
		E45BE9750E8CC7DD009D7055 /* CoreAudio.framework */ = {isa = PBXFileReference; lastKnownFileType = wrapper.framework; name = CoreAudio.framework; path = /System/Library/Frameworks/CoreAudio.framework; sourceTree = "<absolute>"; };
		E45BE9760E8CC7DD009D7055 /* CoreFoundation.framework */ = {isa = PBXFileReference; lastKnownFileType = wrapper.framework; name = CoreFoundation.framework; path = /System/Library/Frameworks/CoreFoundation.framework; sourceTree = "<absolute>"; };
		E45BE9770E8CC7DD009D7055 /* CoreServices.framework */ = {isa = PBXFileReference; lastKnownFileType = wrapper.framework; name = CoreServices.framework; path = /System/Library/Frameworks/CoreServices.framework; sourceTree = "<absolute>"; };
		E45BE9790E8CC7DD009D7055 /* OpenGL.framework */ = {isa = PBXFileReference; lastKnownFileType = wrapper.framework; name = OpenGL.framework; path = /System/Library/Frameworks/OpenGL.framework; sourceTree = "<absolute>"; };
		E45BE97A0E8CC7DD009D7055 /* QuickTime.framework */ = {isa = PBXFileReference; lastKnownFileType = wrapper.framework; name = QuickTime.framework; path = /System/Library/Frameworks/QuickTime.framework; sourceTree = "<absolute>"; };
		E4B69B5B0A3A1756003C02F2 /* spectationDebug.app */ = {isa = PBXFileReference; explicitFileType = wrapper.application; includeInIndex = 0; path = spectationDebug.app; sourceTree = BUILT_PRODUCTS_DIR; };
		E4B69E1D0A3A1BDC003C02F2 /* main.cpp */ = {isa = PBXFileReference; fileEncoding = 30; lastKnownFileType = sourcecode.cpp.cpp; name = main.cpp; path = src/main.cpp; sourceTree = SOURCE_ROOT; };
		E4B69E1E0A3A1BDC003C02F2 /* testApp.cpp */ = {isa = PBXFileReference; explicitFileType = sourcecode.cpp.cpp; fileEncoding = 30; name = testApp.cpp; path = src/testApp.cpp; sourceTree = SOURCE_ROOT; };
		E4B69E1F0A3A1BDC003C02F2 /* testApp.h */ = {isa = PBXFileReference; fileEncoding = 30; lastKnownFileType = sourcecode.c.h; name = testApp.h; path = src/testApp.h; sourceTree = SOURCE_ROOT; };
		E4B6FCAD0C3E899E008CF71C /* openFrameworks-Info.plist */ = {isa = PBXFileReference; fileEncoding = 30; lastKnownFileType = text.plist.xml; path = "openFrameworks-Info.plist"; sourceTree = "<group>"; };
		E4C2424410CC5A17004149E2 /* AppKit.framework */ = {isa = PBXFileReference; lastKnownFileType = wrapper.framework; name = AppKit.framework; path = /System/Library/Frameworks/AppKit.framework; sourceTree = "<absolute>"; };
		E4C2424510CC5A17004149E2 /* Cocoa.framework */ = {isa = PBXFileReference; lastKnownFileType = wrapper.framework; name = Cocoa.framework; path = /System/Library/Frameworks/Cocoa.framework; sourceTree = "<absolute>"; };
		E4C2424610CC5A17004149E2 /* IOKit.framework */ = {isa = PBXFileReference; lastKnownFileType = wrapper.framework; name = IOKit.framework; path = /System/Library/Frameworks/IOKit.framework; sourceTree = "<absolute>"; };
		E4EB691F138AFCF100A09F29 /* CoreOF.xcconfig */ = {isa = PBXFileReference; fileEncoding = 4; lastKnownFileType = text.xcconfig; name = CoreOF.xcconfig; path = ../../../libs/openFrameworksCompiled/project/osx/CoreOF.xcconfig; sourceTree = SOURCE_ROOT; };
		E4EB6923138AFD0F00A09F29 /* Project.xcconfig */ = {isa = PBXFileReference; fileEncoding = 4; lastKnownFileType = text.xcconfig; path = Project.xcconfig; sourceTree = "<group>"; };
/* End PBXFileReference section */

/* Begin PBXFrameworksBuildPhase section */
		E4B69B590A3A1756003C02F2 /* Frameworks */ = {
			isa = PBXFrameworksBuildPhase;
			buildActionMask = 2147483647;
			files = (
				E4EB6799138ADC1D00A09F29 /* GLUT.framework in Frameworks */,
				E4328149138ABC9F0047C5CB /* openFrameworksDebug.a in Frameworks */,
				E45BE97B0E8CC7DD009D7055 /* AGL.framework in Frameworks */,
				E45BE97C0E8CC7DD009D7055 /* ApplicationServices.framework in Frameworks */,
				E45BE97D0E8CC7DD009D7055 /* AudioToolbox.framework in Frameworks */,
				E45BE97E0E8CC7DD009D7055 /* Carbon.framework in Frameworks */,
				E45BE97F0E8CC7DD009D7055 /* CoreAudio.framework in Frameworks */,
				E45BE9800E8CC7DD009D7055 /* CoreFoundation.framework in Frameworks */,
				E45BE9810E8CC7DD009D7055 /* CoreServices.framework in Frameworks */,
				E45BE9830E8CC7DD009D7055 /* OpenGL.framework in Frameworks */,
				E45BE9840E8CC7DD009D7055 /* QuickTime.framework in Frameworks */,
				E4C2424710CC5A17004149E2 /* AppKit.framework in Frameworks */,
				E4C2424810CC5A17004149E2 /* Cocoa.framework in Frameworks */,
				E4C2424910CC5A17004149E2 /* IOKit.framework in Frameworks */,
				BB9BD57C16DC0BF2008CD560 /* libwgois64.a in Frameworks */,
				BB9BD57D16DC0BF2008CD560 /* libOIS.a in Frameworks */,
				BB9BD57E16DC0BF2008CD560 /* OIS_static.lib in Frameworks */,
				BB9BD57F16DC0BF2008CD560 /* OIS_static_d.lib in Frameworks */,
				BB9BD58016DC0BF2008CD560 /* OIS_vs2010_static.lib in Frameworks */,
				BB9BD58116DC0BF2008CD560 /* OIS_vs2010_static_d.lib in Frameworks */,
			);
			runOnlyForDeploymentPostprocessing = 0;
		};
/* End PBXFrameworksBuildPhase section */

/* Begin PBXGroup section */
		BB26A10016C33E0F0076D260 /* Spectator Items */ = {
			isa = PBXGroup;
			children = (
				BBF314F216E00E940053C962 /* Chaser.cpp */,
				BBF314F316E00E940053C962 /* Chaser.h */,
				BBEEAAEE16CD82D900A5EDB4 /* Spectator.h */,
				BBEEAAEF16CD82E100A5EDB4 /* Spectator.cpp */,
				BBDC608E16BC7AF3004A3EA6 /* Bullet.h */,
				BBDC608F16BC7AFC004A3EA6 /* Bullet.cpp */,
				BBDC608B16BC7989004A3EA6 /* Health.h */,
				BBDC608C16BC7996004A3EA6 /* Health.cpp */,
				BB4FBBE716CC7205004A28B0 /* Creature.h */,
				BB62259816CC7244001E0B28 /* Creature.cpp */,
				BB9BD58A16DC2155008CD560 /* Blocker.h */,
				BB9BD58B16DC215C008CD560 /* Blocker.cpp */,
			);
			name = "Spectator Items";
			sourceTree = "<group>";
		};
		BB26A10516C343050076D260 /* Weapons */ = {
			isa = PBXGroup;
			children = (
				BB26A10116C342CA0076D260 /* Weapon.cpp */,
				BB26A10416C342F90076D260 /* Weapon.h */,
			);
			name = Weapons;
			sourceTree = "<group>";
		};
		BB4B014C10F69532006C3DED /* addons */ = {
			isa = PBXGroup;
			children = (
				BB84D25216D542CF00F7BF7B /* cpIRC */,
				BB9BD52216DC0AD7008CD560 /* ofxGamepad */,
			);
			name = addons;
			sourceTree = "<group>";
		};
		BB84D25216D542CF00F7BF7B /* cpIRC */ = {
			isa = PBXGroup;
			children = (
				BB84D25316D5433200F7BF7B /* IRC.cc */,
				BB84D25416D5433200F7BF7B /* IRC.h */,
			);
			path = cpIRC;
			sourceTree = "<group>";
		};
		BB9BD52216DC0AD7008CD560 /* ofxGamepad */ = {
			isa = PBXGroup;
			children = (
				BB9BD54816DC0BF2008CD560 /* libs */,
				BB9BD53716DC0BA5008CD560 /* src */,
			);
			name = ofxGamepad;
			sourceTree = "<group>";
		};
		BB9BD53716DC0BA5008CD560 /* src */ = {
			isa = PBXGroup;
			children = (
				BB9BD53816DC0BA5008CD560 /* ofxGamepad.cpp */,
				BB9BD53916DC0BA5008CD560 /* ofxGamepad.h */,
				BB9BD53A16DC0BA5008CD560 /* ofxGamepadCamera.cpp */,
				BB9BD53B16DC0BA5008CD560 /* ofxGamepadCamera.h */,
				BB9BD53C16DC0BA5008CD560 /* ofxGamepadConfigs.h */,
				BB9BD53D16DC0BA5008CD560 /* ofxGamepadHandler.cpp */,
				BB9BD53E16DC0BA5008CD560 /* ofxGamepadHandler.h */,
				BB9BD53F16DC0BA5008CD560 /* ofxGamepadLinux.cpp */,
				BB9BD54016DC0BA5008CD560 /* ofxGamepadLinux.h */,
				BB9BD54116DC0BA5008CD560 /* ofxGamepadOIS.cpp */,
				BB9BD54216DC0BA5008CD560 /* ofxGamepadOIS.h */,
			);
			name = src;
			path = ofxGamepad/src;
			sourceTree = "<group>";
		};
		BB9BD54816DC0BF2008CD560 /* libs */ = {
			isa = PBXGroup;
			children = (
				BB9BD54916DC0BF2008CD560 /* wgois */,
			);
			name = libs;
			path = ofxGamepad/libs;
			sourceTree = "<group>";
		};
		BB9BD54916DC0BF2008CD560 /* wgois */ = {
			isa = PBXGroup;
			children = (
				BB9BD54A16DC0BF2008CD560 /* include */,
				BB9BD57116DC0BF2008CD560 /* lib */,
			);
			path = wgois;
			sourceTree = "<group>";
		};
		BB9BD54A16DC0BF2008CD560 /* include */ = {
			isa = PBXGroup;
			children = (
				BB9BD54B16DC0BF2008CD560 /* linux */,
				BB9BD55316DC0BF2008CD560 /* mac */,
				BB9BD55B16DC0BF2008CD560 /* OIS.h */,
				BB9BD55C16DC0BF2008CD560 /* OISConfig.h */,
				BB9BD55D16DC0BF2008CD560 /* OISEffect.h */,
				BB9BD55E16DC0BF2008CD560 /* OISEvents.h */,
				BB9BD55F16DC0BF2008CD560 /* OISException.h */,
				BB9BD56016DC0BF2008CD560 /* OISFactoryCreator.h */,
				BB9BD56116DC0BF2008CD560 /* OISForceFeedback.h */,
				BB9BD56216DC0BF2008CD560 /* OISInputManager.h */,
				BB9BD56316DC0BF2008CD560 /* OISInterface.h */,
				BB9BD56416DC0BF2008CD560 /* OISJoyStick.h */,
				BB9BD56516DC0BF2008CD560 /* OISKeyboard.h */,
				BB9BD56616DC0BF2008CD560 /* OISMouse.h */,
				BB9BD56716DC0BF2008CD560 /* OISMultiTouch.h */,
				BB9BD56816DC0BF2008CD560 /* OISObject.h */,
				BB9BD56916DC0BF2008CD560 /* OISPrereqs.h */,
				BB9BD56A16DC0BF2008CD560 /* win32 */,
			);
			path = include;
			sourceTree = "<group>";
		};
		BB9BD54B16DC0BF2008CD560 /* linux */ = {
			isa = PBXGroup;
			children = (
				BB9BD54C16DC0BF2008CD560 /* EventHelpers.h */,
				BB9BD54D16DC0BF2008CD560 /* LinuxForceFeedback.h */,
				BB9BD54E16DC0BF2008CD560 /* LinuxInputManager.h */,
				BB9BD54F16DC0BF2008CD560 /* LinuxJoyStickEvents.h */,
				BB9BD55016DC0BF2008CD560 /* LinuxKeyboard.h */,
				BB9BD55116DC0BF2008CD560 /* LinuxMouse.h */,
				BB9BD55216DC0BF2008CD560 /* LinuxPrereqs.h */,
			);
			path = linux;
			sourceTree = "<group>";
		};
		BB9BD55316DC0BF2008CD560 /* mac */ = {
			isa = PBXGroup;
			children = (
				BB9BD55416DC0BF2008CD560 /* MacHelpers.h */,
				BB9BD55516DC0BF2008CD560 /* MacHIDManager.h */,
				BB9BD55616DC0BF2008CD560 /* MacInputManager.h */,
				BB9BD55716DC0BF2008CD560 /* MacJoyStick.h */,
				BB9BD55816DC0BF2008CD560 /* MacKeyboard.h */,
				BB9BD55916DC0BF2008CD560 /* MacMouse.h */,
				BB9BD55A16DC0BF2008CD560 /* MacPrereqs.h */,
			);
			path = mac;
			sourceTree = "<group>";
		};
		BB9BD56A16DC0BF2008CD560 /* win32 */ = {
			isa = PBXGroup;
			children = (
				BB9BD56B16DC0BF2008CD560 /* Win32ForceFeedback.h */,
				BB9BD56C16DC0BF2008CD560 /* Win32InputManager.h */,
				BB9BD56D16DC0BF2008CD560 /* Win32JoyStick.h */,
				BB9BD56E16DC0BF2008CD560 /* Win32KeyBoard.h */,
				BB9BD56F16DC0BF2008CD560 /* Win32Mouse.h */,
				BB9BD57016DC0BF2008CD560 /* Win32Prereqs.h */,
			);
			path = win32;
			sourceTree = "<group>";
		};
		BB9BD57116DC0BF2008CD560 /* lib */ = {
			isa = PBXGroup;
			children = (
				BB9BD57216DC0BF2008CD560 /* linux64 */,
				BB9BD57416DC0BF2008CD560 /* osx */,
				BB9BD57616DC0BF2008CD560 /* vs2008 */,
				BB9BD57916DC0BF2008CD560 /* vs2010 */,
			);
			path = lib;
			sourceTree = "<group>";
		};
		BB9BD57216DC0BF2008CD560 /* linux64 */ = {
			isa = PBXGroup;
			children = (
				BB9BD57316DC0BF2008CD560 /* libwgois64.a */,
			);
			path = linux64;
			sourceTree = "<group>";
		};
		BB9BD57416DC0BF2008CD560 /* osx */ = {
			isa = PBXGroup;
			children = (
				BB9BD57516DC0BF2008CD560 /* libOIS.a */,
			);
			path = osx;
			sourceTree = "<group>";
		};
		BB9BD57616DC0BF2008CD560 /* vs2008 */ = {
			isa = PBXGroup;
			children = (
				BB9BD57716DC0BF2008CD560 /* OIS_static.lib */,
				BB9BD57816DC0BF2008CD560 /* OIS_static_d.lib */,
			);
			path = vs2008;
			sourceTree = "<group>";
		};
		BB9BD57916DC0BF2008CD560 /* vs2010 */ = {
			isa = PBXGroup;
			children = (
				BB9BD57A16DC0BF2008CD560 /* OIS_vs2010_static.lib */,
				BB9BD57B16DC0BF2008CD560 /* OIS_vs2010_static_d.lib */,
			);
			path = vs2010;
			sourceTree = "<group>";
		};
		BBAB23C913894ECA00AA2426 /* system frameworks */ = {
			isa = PBXGroup;
			children = (
				E4C2424410CC5A17004149E2 /* AppKit.framework */,
				E4C2424510CC5A17004149E2 /* Cocoa.framework */,
				E4C2424610CC5A17004149E2 /* IOKit.framework */,
				E45BE9710E8CC7DD009D7055 /* AGL.framework */,
				E45BE9720E8CC7DD009D7055 /* ApplicationServices.framework */,
				E45BE9730E8CC7DD009D7055 /* AudioToolbox.framework */,
				E45BE9740E8CC7DD009D7055 /* Carbon.framework */,
				E45BE9750E8CC7DD009D7055 /* CoreAudio.framework */,
				E45BE9760E8CC7DD009D7055 /* CoreFoundation.framework */,
				E45BE9770E8CC7DD009D7055 /* CoreServices.framework */,
				E45BE9790E8CC7DD009D7055 /* OpenGL.framework */,
				E45BE97A0E8CC7DD009D7055 /* QuickTime.framework */,
			);
			name = "system frameworks";
			sourceTree = "<group>";
		};
		BBAB23CA13894EDB00AA2426 /* 3rd party frameworks */ = {
			isa = PBXGroup;
			children = (
				BBAB23BE13894E4700AA2426 /* GLUT.framework */,
			);
			name = "3rd party frameworks";
			sourceTree = "<group>";
		};
		E4328144138ABC890047C5CB /* Products */ = {
			isa = PBXGroup;
			children = (
				E4328148138ABC890047C5CB /* openFrameworksDebug.a */,
			);
			name = Products;
			sourceTree = "<group>";
		};
		E45BE5980E8CC70C009D7055 /* frameworks */ = {
			isa = PBXGroup;
			children = (
				BBAB23CA13894EDB00AA2426 /* 3rd party frameworks */,
				BBAB23C913894ECA00AA2426 /* system frameworks */,
			);
			name = frameworks;
			sourceTree = "<group>";
		};
		E4B69B4A0A3A1720003C02F2 = {
			isa = PBXGroup;
			children = (
				E4B6FCAD0C3E899E008CF71C /* openFrameworks-Info.plist */,
				E4EB6923138AFD0F00A09F29 /* Project.xcconfig */,
				E4B69E1C0A3A1BDC003C02F2 /* src */,
				E4EEC9E9138DF44700A80321 /* openFrameworks */,
				BB4B014C10F69532006C3DED /* addons */,
				E45BE5980E8CC70C009D7055 /* frameworks */,
				E4B69B5B0A3A1756003C02F2 /* spectationDebug.app */,
			);
			sourceTree = "<group>";
		};
		E4B69E1C0A3A1BDC003C02F2 /* src */ = {
			isa = PBXGroup;
			children = (
				BB23390616B7274B00A33144 /* Player.cpp */,
				BB23390716B7274B00A33144 /* Player.h */,
				E4B69E1D0A3A1BDC003C02F2 /* main.cpp */,
				E4B69E1E0A3A1BDC003C02F2 /* testApp.cpp */,
				E4B69E1F0A3A1BDC003C02F2 /* testApp.h */,
				BB9BD58716DC1887008CD560 /* GameObject.h */,
				BB9BD58816DC188E008CD560 /* GameObject.cpp */,
				BB26A10516C343050076D260 /* Weapons */,
				BB26A10016C33E0F0076D260 /* Spectator Items */,
			);
			path = src;
			sourceTree = SOURCE_ROOT;
		};
		E4EEC9E9138DF44700A80321 /* openFrameworks */ = {
			isa = PBXGroup;
			children = (
				E4EB691F138AFCF100A09F29 /* CoreOF.xcconfig */,
				E4328143138ABC890047C5CB /* openFrameworksLib.xcodeproj */,
			);
			name = openFrameworks;
			sourceTree = "<group>";
		};
/* End PBXGroup section */

/* Begin PBXNativeTarget section */
		E4B69B5A0A3A1756003C02F2 /* spectation */ = {
			isa = PBXNativeTarget;
			buildConfigurationList = E4B69B5F0A3A1757003C02F2 /* Build configuration list for PBXNativeTarget "spectation" */;
			buildPhases = (
				E4B69B580A3A1756003C02F2 /* Sources */,
				E4B69B590A3A1756003C02F2 /* Frameworks */,
				E4B6FFFD0C3F9AB9008CF71C /* ShellScript */,
				E4C2427710CC5ABF004149E2 /* CopyFiles */,
			);
			buildRules = (
			);
			dependencies = (
				E4EEB9AC138B136A00A80321 /* PBXTargetDependency */,
			);
			name = spectation;
			productName = myOFApp;
			productReference = E4B69B5B0A3A1756003C02F2 /* spectationDebug.app */;
			productType = "com.apple.product-type.application";
		};
/* End PBXNativeTarget section */

/* Begin PBXProject section */
		E4B69B4C0A3A1720003C02F2 /* Project object */ = {
			isa = PBXProject;
			buildConfigurationList = E4B69B4D0A3A1720003C02F2 /* Build configuration list for PBXProject "spectation" */;
			compatibilityVersion = "Xcode 2.4";
			developmentRegion = English;
			hasScannedForEncodings = 0;
			knownRegions = (
				English,
				Japanese,
				French,
				German,
			);
			mainGroup = E4B69B4A0A3A1720003C02F2;
			productRefGroup = E4B69B4A0A3A1720003C02F2;
			projectDirPath = "";
			projectReferences = (
				{
					ProductGroup = E4328144138ABC890047C5CB /* Products */;
					ProjectRef = E4328143138ABC890047C5CB /* openFrameworksLib.xcodeproj */;
				},
			);
			projectRoot = "";
			targets = (
				E4B69B5A0A3A1756003C02F2 /* spectation */,
			);
		};
/* End PBXProject section */

/* Begin PBXReferenceProxy section */
		E4328148138ABC890047C5CB /* openFrameworksDebug.a */ = {
			isa = PBXReferenceProxy;
			fileType = archive.ar;
			path = openFrameworksDebug.a;
			remoteRef = E4328147138ABC890047C5CB /* PBXContainerItemProxy */;
			sourceTree = BUILT_PRODUCTS_DIR;
		};
/* End PBXReferenceProxy section */

/* Begin PBXShellScriptBuildPhase section */
		E4B6FFFD0C3F9AB9008CF71C /* ShellScript */ = {
			isa = PBXShellScriptBuildPhase;
			buildActionMask = 2147483647;
			files = (
			);
			inputPaths = (
			);
			outputPaths = (
			);
			runOnlyForDeploymentPostprocessing = 0;
			shellPath = /bin/sh;
			shellScript = "cp -f ../../../libs/fmodex/lib/osx/libfmodex.dylib \"$TARGET_BUILD_DIR/$PRODUCT_NAME.app/Contents/MacOS/libfmodex.dylib\"; install_name_tool -change ./libfmodex.dylib @executable_path/libfmodex.dylib \"$TARGET_BUILD_DIR/$PRODUCT_NAME.app/Contents/MacOS/$PRODUCT_NAME\";";
		};
/* End PBXShellScriptBuildPhase section */

/* Begin PBXSourcesBuildPhase section */
		E4B69B580A3A1756003C02F2 /* Sources */ = {
			isa = PBXSourcesBuildPhase;
			buildActionMask = 2147483647;
			files = (
				E4B69E200A3A1BDC003C02F2 /* main.cpp in Sources */,
				E4B69E210A3A1BDC003C02F2 /* testApp.cpp in Sources */,
				BB23390C16B7274B00A33144 /* Player.cpp in Sources */,
				BBDC608D16BC7996004A3EA6 /* Health.cpp in Sources */,
				BBDC609016BC7AFC004A3EA6 /* Bullet.cpp in Sources */,
				BB26A10216C342CA0076D260 /* Weapon.cpp in Sources */,
				BB62259916CC7244001E0B28 /* Creature.cpp in Sources */,
				BBEEAAF016CD82E100A5EDB4 /* Spectator.cpp in Sources */,
				BB84D25516D5433200F7BF7B /* IRC.cc in Sources */,
				BB9BD54316DC0BA5008CD560 /* ofxGamepad.cpp in Sources */,
				BB9BD54416DC0BA5008CD560 /* ofxGamepadCamera.cpp in Sources */,
				BB9BD54516DC0BA5008CD560 /* ofxGamepadHandler.cpp in Sources */,
				BB9BD54616DC0BA5008CD560 /* ofxGamepadLinux.cpp in Sources */,
				BB9BD54716DC0BA5008CD560 /* ofxGamepadOIS.cpp in Sources */,
				BB9BD58916DC188E008CD560 /* GameObject.cpp in Sources */,
				BB9BD58C16DC215C008CD560 /* Blocker.cpp in Sources */,
				BBF314F416E00E940053C962 /* Chaser.cpp in Sources */,
			);
			runOnlyForDeploymentPostprocessing = 0;
		};
/* End PBXSourcesBuildPhase section */

/* Begin PBXTargetDependency section */
		E4EEB9AC138B136A00A80321 /* PBXTargetDependency */ = {
			isa = PBXTargetDependency;
			name = openFrameworks;
			targetProxy = E4EEB9AB138B136A00A80321 /* PBXContainerItemProxy */;
		};
/* End PBXTargetDependency section */

/* Begin XCBuildConfiguration section */
		E4B69B4E0A3A1720003C02F2 /* Debug */ = {
			isa = XCBuildConfiguration;
			baseConfigurationReference = E4EB6923138AFD0F00A09F29 /* Project.xcconfig */;
			buildSettings = {
				ARCHS = "$(NATIVE_ARCH)";
				CONFIGURATION_BUILD_DIR = "$(SRCROOT)/bin/";
				COPY_PHASE_STRIP = NO;
				DEAD_CODE_STRIPPING = YES;
				GCC_AUTO_VECTORIZATION = YES;
				GCC_ENABLE_SSE3_EXTENSIONS = YES;
				GCC_ENABLE_SUPPLEMENTAL_SSE3_INSTRUCTIONS = YES;
				GCC_INLINES_ARE_PRIVATE_EXTERN = NO;
				GCC_MODEL_TUNING = G5;
				GCC_SYMBOLS_PRIVATE_EXTERN = NO;
				GCC_WARN_ABOUT_DEPRECATED_FUNCTIONS = NO;
				GCC_WARN_ABOUT_INVALID_OFFSETOF_MACRO = NO;
				GCC_WARN_ALLOW_INCOMPLETE_PROTOCOL = NO;
				GCC_WARN_UNINITIALIZED_AUTOS = NO;
				GCC_WARN_UNUSED_VALUE = NO;
				GCC_WARN_UNUSED_VARIABLE = NO;
				HEADER_SEARCH_PATHS = (
					"$(HEADER_SEARCH_PATHS_QUOTED_FOR_PROJECT_8)",
					"$(HEADER_SEARCH_PATHS_QUOTED_FOR_PROJECT_1)",
					"$(HEADER_SEARCH_PATHS_QUOTED_FOR_PROJECT_2)",
					"$(HEADER_SEARCH_PATHS_QUOTED_FOR_PROJECT_3)",
					"$(HEADER_SEARCH_PATHS_QUOTED_FOR_PROJECT_4)",
					"$(HEADER_SEARCH_PATHS_QUOTED_FOR_PROJECT_5)",
					"$(HEADER_SEARCH_PATHS_QUOTED_FOR_PROJECT_6)",
					"$(HEADER_SEARCH_PATHS_QUOTED_FOR_PROJECT_7)",
				);
				HEADER_SEARCH_PATHS_QUOTED_FOR_PROJECT_1 = "\"../../../addons/ofxOsc/libs/oscpack\"";
				HEADER_SEARCH_PATHS_QUOTED_FOR_PROJECT_2 = "\"../../../addons/ofxOsc/libs\"";
				HEADER_SEARCH_PATHS_QUOTED_FOR_PROJECT_3 = "\"../../../addons/ofxOsc/libs/oscpack/src\"";
				HEADER_SEARCH_PATHS_QUOTED_FOR_PROJECT_4 = "\"../../../addons/ofxOsc/libs/oscpack/src/osc\"";
				HEADER_SEARCH_PATHS_QUOTED_FOR_PROJECT_5 = "\"../../../addons/ofxOsc/libs/oscpack/src/ip/win32\"";
				HEADER_SEARCH_PATHS_QUOTED_FOR_PROJECT_6 = "\"../../../addons/ofxOsc/libs/oscpack/src/ip/posix\"";
				HEADER_SEARCH_PATHS_QUOTED_FOR_PROJECT_7 = "\"../../../addons/ofxOsc/libs/oscpack/src/ip\"";
				HEADER_SEARCH_PATHS_QUOTED_FOR_PROJECT_8 = "\"../../../addons/ofxOsc/src\"";
				OTHER_CPLUSPLUSFLAGS = (
					"-D__MACOSX_CORE__",
					"-lpthread",
				);
				SDKROOT = "$(DEVELOPER_SDK_DIR)/MacOSX10.6.sdk";
				USER_HEADER_SEARCH_PATHS = "../../../addons/ofxOsc/libs/oscpack ../../../addons/ofxOsc/libs ../../../addons/ofxOsc/src ../../../addons/ofxOsc/libs/oscpack/src/osc ../../../addons/ofxOsc/libs/oscpack/src/ip/win32 ../../../addons/ofxOsc/libs/oscpack/src/ip/posix ../../../addons/ofxOsc/libs/oscpack/src/ip ../../../addons/ofxOsc/libs/oscpack/src";
			};
			name = Debug;
		};
		E4B69B4F0A3A1720003C02F2 /* Release */ = {
			isa = XCBuildConfiguration;
			baseConfigurationReference = E4EB6923138AFD0F00A09F29 /* Project.xcconfig */;
			buildSettings = {
				ARCHS = "$(NATIVE_ARCH)";
				CONFIGURATION_BUILD_DIR = "$(SRCROOT)/bin/";
				COPY_PHASE_STRIP = YES;
				DEAD_CODE_STRIPPING = YES;
				GCC_AUTO_VECTORIZATION = YES;
				GCC_ENABLE_SSE3_EXTENSIONS = YES;
				GCC_ENABLE_SUPPLEMENTAL_SSE3_INSTRUCTIONS = YES;
				GCC_INLINES_ARE_PRIVATE_EXTERN = NO;
				GCC_MODEL_TUNING = G5;
				GCC_OPTIMIZATION_LEVEL = 3;
				GCC_SYMBOLS_PRIVATE_EXTERN = NO;
				GCC_UNROLL_LOOPS = YES;
				GCC_WARN_ABOUT_DEPRECATED_FUNCTIONS = NO;
				GCC_WARN_ABOUT_INVALID_OFFSETOF_MACRO = NO;
				GCC_WARN_ALLOW_INCOMPLETE_PROTOCOL = NO;
				GCC_WARN_UNINITIALIZED_AUTOS = NO;
				GCC_WARN_UNUSED_VALUE = NO;
				GCC_WARN_UNUSED_VARIABLE = NO;
				HEADER_SEARCH_PATHS = (
					"$(HEADER_SEARCH_PATHS_QUOTED_FOR_PROJECT_8)",
					"$(HEADER_SEARCH_PATHS_QUOTED_FOR_PROJECT_1)",
					"$(HEADER_SEARCH_PATHS_QUOTED_FOR_PROJECT_2)",
					"$(HEADER_SEARCH_PATHS_QUOTED_FOR_PROJECT_3)",
					"$(HEADER_SEARCH_PATHS_QUOTED_FOR_PROJECT_4)",
					"$(HEADER_SEARCH_PATHS_QUOTED_FOR_PROJECT_5)",
					"$(HEADER_SEARCH_PATHS_QUOTED_FOR_PROJECT_6)",
					"$(HEADER_SEARCH_PATHS_QUOTED_FOR_PROJECT_7)",
				);
				HEADER_SEARCH_PATHS_QUOTED_FOR_PROJECT_1 = "\"../../../addons/ofxOsc/libs/oscpack\"";
				HEADER_SEARCH_PATHS_QUOTED_FOR_PROJECT_2 = "\"../../../addons/ofxOsc/libs\"";
				HEADER_SEARCH_PATHS_QUOTED_FOR_PROJECT_3 = "\"../../../addons/ofxOsc/libs/oscpack/src\"";
				HEADER_SEARCH_PATHS_QUOTED_FOR_PROJECT_4 = "\"../../../addons/ofxOsc/libs/oscpack/src/osc\"";
				HEADER_SEARCH_PATHS_QUOTED_FOR_PROJECT_5 = "\"../../../addons/ofxOsc/libs/oscpack/src/ip/win32\"";
				HEADER_SEARCH_PATHS_QUOTED_FOR_PROJECT_6 = "\"../../../addons/ofxOsc/libs/oscpack/src/ip/posix\"";
				HEADER_SEARCH_PATHS_QUOTED_FOR_PROJECT_7 = "\"../../../addons/ofxOsc/libs/oscpack/src/ip\"";
				HEADER_SEARCH_PATHS_QUOTED_FOR_PROJECT_8 = "\"../../../addons/ofxOsc/src\"";
				OTHER_CPLUSPLUSFLAGS = (
					"-D__MACOSX_CORE__",
					"-lpthread",
				);
				SDKROOT = "$(DEVELOPER_SDK_DIR)/MacOSX10.6.sdk";
				USER_HEADER_SEARCH_PATHS = "../../../addons/ofxOsc/libs/oscpack ../../../addons/ofxOsc/libs ../../../addons/ofxOsc/src ../../../addons/ofxOsc/libs/oscpack/src/osc ../../../addons/ofxOsc/libs/oscpack/src/ip/win32 ../../../addons/ofxOsc/libs/oscpack/src/ip/posix ../../../addons/ofxOsc/libs/oscpack/src/ip ../../../addons/ofxOsc/libs/oscpack/src";
			};
			name = Release;
		};
		E4B69B600A3A1757003C02F2 /* Debug */ = {
			isa = XCBuildConfiguration;
			buildSettings = {
				COPY_PHASE_STRIP = NO;
				FRAMEWORK_SEARCH_PATHS = (
					"$(inherited)",
					"$(FRAMEWORK_SEARCH_PATHS_QUOTED_FOR_TARGET_1)",
				);
				FRAMEWORK_SEARCH_PATHS_QUOTED_FOR_TARGET_1 = "\"$(SRCROOT)/../../../libs/glut/lib/osx\"";
				GCC_DYNAMIC_NO_PIC = NO;
				GCC_ENABLE_FIX_AND_CONTINUE = YES;
				GCC_GENERATE_DEBUGGING_SYMBOLS = YES;
				GCC_MODEL_TUNING = G4;
				GCC_PRECOMPILE_PREFIX_HEADER = YES;
				GCC_PREFIX_HEADER = "$(SYSTEM_LIBRARY_DIR)/Frameworks/Carbon.framework/Headers/Carbon.h";
				HEADER_SEARCH_PATHS = (
					"$(OF_CORE_HEADERS)",
					"$(HEADER_SEARCH_PATHS_QUOTED_FOR_TARGET_1)",
				);
				HEADER_SEARCH_PATHS_QUOTED_FOR_TARGET_1 = "\"$(SRCROOT)/../../../addons/ofxJSON/lib/include\"";
				INFOPLIST_FILE = "openFrameworks-Info.plist";
				INSTALL_PATH = "$(HOME)/Applications";
				LIBRARY_SEARCH_PATHS = (
					"$(inherited)",
					"$(LIBRARY_SEARCH_PATHS_QUOTED_FOR_TARGET_1)",
					"$(LIBRARY_SEARCH_PATHS_QUOTED_FOR_TARGET_2)",
					"$(LIBRARY_SEARCH_PATHS_QUOTED_FOR_TARGET_3)",
					"$(LIBRARY_SEARCH_PATHS_QUOTED_FOR_TARGET_4)",
					"$(LIBRARY_SEARCH_PATHS_QUOTED_FOR_TARGET_5)",
					"$(LIBRARY_SEARCH_PATHS_QUOTED_FOR_TARGET_6)",
					"$(LIBRARY_SEARCH_PATHS_QUOTED_FOR_TARGET_7)",
					"$(LIBRARY_SEARCH_PATHS_QUOTED_FOR_TARGET_8)",
					"$(LIBRARY_SEARCH_PATHS_QUOTED_FOR_TARGET_9)",
					"$(LIBRARY_SEARCH_PATHS_QUOTED_FOR_TARGET_10)",
					"$(LIBRARY_SEARCH_PATHS_QUOTED_FOR_TARGET_11)",
					"$(LIBRARY_SEARCH_PATHS_QUOTED_FOR_TARGET_12)",
					"$(LIBRARY_SEARCH_PATHS_QUOTED_FOR_TARGET_13)",
					"$(LIBRARY_SEARCH_PATHS_QUOTED_FOR_TARGET_14)",
					"$(LIBRARY_SEARCH_PATHS_QUOTED_FOR_TARGET_15)",
					"$(LIBRARY_SEARCH_PATHS_QUOTED_FOR_TARGET_2)",
					"$(LIBRARY_SEARCH_PATHS_QUOTED_FOR_TARGET_3)",
					"$(LIBRARY_SEARCH_PATHS_QUOTED_FOR_TARGET_7)",
					"$(LIBRARY_SEARCH_PATHS_QUOTED_FOR_TARGET_8)",
					"$(LIBRARY_SEARCH_PATHS_QUOTED_FOR_TARGET_9)",
					"$(LIBRARY_SEARCH_PATHS_QUOTED_FOR_TARGET_10)",
					"$(LIBRARY_SEARCH_PATHS_QUOTED_FOR_TARGET_11)",
					"$(LIBRARY_SEARCH_PATHS_QUOTED_FOR_TARGET_12)",
					"$(LIBRARY_SEARCH_PATHS_QUOTED_FOR_TARGET_13)",
					"$(LIBRARY_SEARCH_PATHS_QUOTED_FOR_TARGET_16)",
					"$(LIBRARY_SEARCH_PATHS_QUOTED_FOR_TARGET_17)",
					"$(LIBRARY_SEARCH_PATHS_QUOTED_FOR_TARGET_18)",
					"$(LIBRARY_SEARCH_PATHS_QUOTED_FOR_TARGET_19)",
					"$(LIBRARY_SEARCH_PATHS_QUOTED_FOR_TARGET_20)",
					"$(LIBRARY_SEARCH_PATHS_QUOTED_FOR_TARGET_21)",
					"$(LIBRARY_SEARCH_PATHS_QUOTED_FOR_TARGET_22)",
					"$(LIBRARY_SEARCH_PATHS_QUOTED_FOR_TARGET_23)",
					"$(LIBRARY_SEARCH_PATHS_QUOTED_FOR_TARGET_24)",
					"$(LIBRARY_SEARCH_PATHS_QUOTED_FOR_TARGET_25)",
					"$(LIBRARY_SEARCH_PATHS_QUOTED_FOR_TARGET_26)",
					"$(LIBRARY_SEARCH_PATHS_QUOTED_FOR_TARGET_27)",
					"$(LIBRARY_SEARCH_PATHS_QUOTED_FOR_TARGET_28)",
					"$(LIBRARY_SEARCH_PATHS_QUOTED_FOR_TARGET_29)",
					"$(LIBRARY_SEARCH_PATHS_QUOTED_FOR_TARGET_30)",
					"$(LIBRARY_SEARCH_PATHS_QUOTED_FOR_TARGET_31)",
					"$(LIBRARY_SEARCH_PATHS_QUOTED_FOR_TARGET_32)",
					"$(LIBRARY_SEARCH_PATHS_QUOTED_FOR_TARGET_33)",
					"$(LIBRARY_SEARCH_PATHS_QUOTED_FOR_TARGET_34)",
					"$(LIBRARY_SEARCH_PATHS_QUOTED_FOR_TARGET_35)",
					"$(LIBRARY_SEARCH_PATHS_QUOTED_FOR_TARGET_36)",
					"$(LIBRARY_SEARCH_PATHS_QUOTED_FOR_TARGET_37)",
					"$(LIBRARY_SEARCH_PATHS_QUOTED_FOR_TARGET_38)",
					"$(LIBRARY_SEARCH_PATHS_QUOTED_FOR_TARGET_39)",
					"$(LIBRARY_SEARCH_PATHS_QUOTED_FOR_TARGET_40)",
					"$(LIBRARY_SEARCH_PATHS_QUOTED_FOR_TARGET_41)",
					"$(LIBRARY_SEARCH_PATHS_QUOTED_FOR_TARGET_42)",
					"$(LIBRARY_SEARCH_PATHS_QUOTED_FOR_TARGET_43)",
					"$(LIBRARY_SEARCH_PATHS_QUOTED_FOR_TARGET_44)",
					"$(LIBRARY_SEARCH_PATHS_QUOTED_FOR_TARGET_45)",
					"$(LIBRARY_SEARCH_PATHS_QUOTED_FOR_TARGET_46)",
					"$(LIBRARY_SEARCH_PATHS_QUOTED_FOR_TARGET_47)",
					"$(LIBRARY_SEARCH_PATHS_QUOTED_FOR_TARGET_48)",
					"$(LIBRARY_SEARCH_PATHS_QUOTED_FOR_TARGET_49)",
					"$(LIBRARY_SEARCH_PATHS_QUOTED_FOR_TARGET_50)",
					"$(LIBRARY_SEARCH_PATHS_QUOTED_FOR_TARGET_51)",
					"$(LIBRARY_SEARCH_PATHS_QUOTED_FOR_TARGET_52)",
					"$(LIBRARY_SEARCH_PATHS_QUOTED_FOR_TARGET_1)",
					"$(LIBRARY_SEARCH_PATHS_QUOTED_FOR_TARGET_2)",
					"$(LIBRARY_SEARCH_PATHS_QUOTED_FOR_TARGET_3)",
					"$(LIBRARY_SEARCH_PATHS_QUOTED_FOR_TARGET_4)",
					"$(LIBRARY_SEARCH_PATHS_QUOTED_FOR_TARGET_5)",
					"$(LIBRARY_SEARCH_PATHS_QUOTED_FOR_TARGET_6)",
					"$(LIBRARY_SEARCH_PATHS_QUOTED_FOR_TARGET_7)",
					"$(LIBRARY_SEARCH_PATHS_QUOTED_FOR_TARGET_8)",
					"$(LIBRARY_SEARCH_PATHS_QUOTED_FOR_TARGET_9)",
					"$(LIBRARY_SEARCH_PATHS_QUOTED_FOR_TARGET_10)",
				);
				LIBRARY_SEARCH_PATHS_QUOTED_FOR_TARGET_1 = "\"$(SRCROOT)/../../../addons/ofxJSON/wgois/lib/linux64\"";
				LIBRARY_SEARCH_PATHS_QUOTED_FOR_TARGET_10 = "\"$(SRCROOT)/ofxGamepad/libs/wgois/lib/vs2010\"";
				LIBRARY_SEARCH_PATHS_QUOTED_FOR_TARGET_2 = "\"$(SRCROOT)/../../../addons/ofxJSON/wgois/lib/osx\"";
				LIBRARY_SEARCH_PATHS_QUOTED_FOR_TARGET_3 = "\"$(SRCROOT)/../../../addons/ofxJSON/wgois/lib/vs2008\"";
				LIBRARY_SEARCH_PATHS_QUOTED_FOR_TARGET_4 = "\"$(SRCROOT)/../../../addons/ofxJSON/wgois/lib/vs2010\"";
				LIBRARY_SEARCH_PATHS_QUOTED_FOR_TARGET_5 = "\"$(SRCROOT)/ofxOsc/libs/oscpack/lib/osx\"";
				LIBRARY_SEARCH_PATHS_QUOTED_FOR_TARGET_6 = "\"$(SRCROOT)/ofxOsc/libs/oscpack/lib/osx\"";
				LIBRARY_SEARCH_PATHS_QUOTED_FOR_TARGET_7 = "\"$(SRCROOT)/ofxGamepad/libs/wgois/lib/linux64\"";
				LIBRARY_SEARCH_PATHS_QUOTED_FOR_TARGET_8 = "\"$(SRCROOT)/ofxGamepad/libs/wgois/lib/osx\"";
				LIBRARY_SEARCH_PATHS_QUOTED_FOR_TARGET_9 = "\"$(SRCROOT)/ofxGamepad/libs/wgois/lib/vs2008\"";
				PREBINDING = NO;
				PRODUCT_NAME = spectationDebug;
				WRAPPER_EXTENSION = app;
			};
			name = Debug;
		};
		E4B69B610A3A1757003C02F2 /* Release */ = {
			isa = XCBuildConfiguration;
			buildSettings = {
				COPY_PHASE_STRIP = YES;
				FRAMEWORK_SEARCH_PATHS = (
					"$(inherited)",
					"$(FRAMEWORK_SEARCH_PATHS_QUOTED_FOR_TARGET_1)",
				);
				FRAMEWORK_SEARCH_PATHS_QUOTED_FOR_TARGET_1 = "\"$(SRCROOT)/../../../libs/glut/lib/osx\"";
				GCC_ENABLE_FIX_AND_CONTINUE = NO;
				GCC_GENERATE_DEBUGGING_SYMBOLS = NO;
				GCC_MODEL_TUNING = G4;
				GCC_PRECOMPILE_PREFIX_HEADER = YES;
				GCC_PREFIX_HEADER = "$(SYSTEM_LIBRARY_DIR)/Frameworks/Carbon.framework/Headers/Carbon.h";
				HEADER_SEARCH_PATHS = (
					"$(OF_CORE_HEADERS)",
					"$(HEADER_SEARCH_PATHS_QUOTED_FOR_TARGET_1)",
				);
				HEADER_SEARCH_PATHS_QUOTED_FOR_TARGET_1 = "\"$(SRCROOT)/../../../addons/ofxJSON/lib/include\"";
				INFOPLIST_FILE = "openFrameworks-Info.plist";
				INSTALL_PATH = "$(HOME)/Applications";
				LIBRARY_SEARCH_PATHS = (
					"$(inherited)",
					"$(LIBRARY_SEARCH_PATHS_QUOTED_FOR_TARGET_1)",
					"$(LIBRARY_SEARCH_PATHS_QUOTED_FOR_TARGET_2)",
					"$(LIBRARY_SEARCH_PATHS_QUOTED_FOR_TARGET_3)",
					"$(LIBRARY_SEARCH_PATHS_QUOTED_FOR_TARGET_4)",
					"$(LIBRARY_SEARCH_PATHS_QUOTED_FOR_TARGET_5)",
					"$(LIBRARY_SEARCH_PATHS_QUOTED_FOR_TARGET_6)",
					"$(LIBRARY_SEARCH_PATHS_QUOTED_FOR_TARGET_7)",
					"$(LIBRARY_SEARCH_PATHS_QUOTED_FOR_TARGET_8)",
					"$(LIBRARY_SEARCH_PATHS_QUOTED_FOR_TARGET_9)",
					"$(LIBRARY_SEARCH_PATHS_QUOTED_FOR_TARGET_10)",
					"$(LIBRARY_SEARCH_PATHS_QUOTED_FOR_TARGET_11)",
					"$(LIBRARY_SEARCH_PATHS_QUOTED_FOR_TARGET_12)",
					"$(LIBRARY_SEARCH_PATHS_QUOTED_FOR_TARGET_13)",
					"$(LIBRARY_SEARCH_PATHS_QUOTED_FOR_TARGET_14)",
					"$(LIBRARY_SEARCH_PATHS_QUOTED_FOR_TARGET_15)",
					"$(LIBRARY_SEARCH_PATHS_QUOTED_FOR_TARGET_2)",
					"$(LIBRARY_SEARCH_PATHS_QUOTED_1)",
					"$(LIBRARY_SEARCH_PATHS_QUOTED_FOR_TARGET_3)",
					"$(LIBRARY_SEARCH_PATHS_QUOTED_FOR_TARGET_7)",
					"$(LIBRARY_SEARCH_PATHS_QUOTED_FOR_TARGET_8)",
					"$(LIBRARY_SEARCH_PATHS_QUOTED_FOR_TARGET_9)",
					"$(LIBRARY_SEARCH_PATHS_QUOTED_FOR_TARGET_10)",
					"$(LIBRARY_SEARCH_PATHS_QUOTED_FOR_TARGET_11)",
					"$(LIBRARY_SEARCH_PATHS_QUOTED_FOR_TARGET_12)",
					"$(LIBRARY_SEARCH_PATHS_QUOTED_FOR_TARGET_13)",
					"$(LIBRARY_SEARCH_PATHS_QUOTED_FOR_TARGET_16)",
					"$(LIBRARY_SEARCH_PATHS_QUOTED_FOR_TARGET_17)",
					"$(LIBRARY_SEARCH_PATHS_QUOTED_FOR_TARGET_18)",
					"$(LIBRARY_SEARCH_PATHS_QUOTED_FOR_TARGET_19)",
					"$(LIBRARY_SEARCH_PATHS_QUOTED_FOR_TARGET_20)",
					"$(LIBRARY_SEARCH_PATHS_QUOTED_FOR_TARGET_21)",
					"$(LIBRARY_SEARCH_PATHS_QUOTED_FOR_TARGET_22)",
					"$(LIBRARY_SEARCH_PATHS_QUOTED_FOR_TARGET_23)",
					"$(LIBRARY_SEARCH_PATHS_QUOTED_FOR_TARGET_24)",
					"$(LIBRARY_SEARCH_PATHS_QUOTED_FOR_TARGET_25)",
					"$(LIBRARY_SEARCH_PATHS_QUOTED_FOR_TARGET_26)",
					"$(LIBRARY_SEARCH_PATHS_QUOTED_FOR_TARGET_27)",
					"$(LIBRARY_SEARCH_PATHS_QUOTED_FOR_TARGET_28)",
					"$(LIBRARY_SEARCH_PATHS_QUOTED_FOR_TARGET_29)",
					"$(LIBRARY_SEARCH_PATHS_QUOTED_FOR_TARGET_30)",
					"$(LIBRARY_SEARCH_PATHS_QUOTED_FOR_TARGET_31)",
					"$(LIBRARY_SEARCH_PATHS_QUOTED_FOR_TARGET_32)",
					"$(LIBRARY_SEARCH_PATHS_QUOTED_FOR_TARGET_33)",
					"$(LIBRARY_SEARCH_PATHS_QUOTED_FOR_TARGET_34)",
					"$(LIBRARY_SEARCH_PATHS_QUOTED_FOR_TARGET_35)",
					"$(LIBRARY_SEARCH_PATHS_QUOTED_FOR_TARGET_36)",
					"$(LIBRARY_SEARCH_PATHS_QUOTED_FOR_TARGET_37)",
					"$(LIBRARY_SEARCH_PATHS_QUOTED_FOR_TARGET_38)",
					"$(LIBRARY_SEARCH_PATHS_QUOTED_FOR_TARGET_39)",
					"$(LIBRARY_SEARCH_PATHS_QUOTED_FOR_TARGET_40)",
					"$(LIBRARY_SEARCH_PATHS_QUOTED_FOR_TARGET_41)",
					"$(LIBRARY_SEARCH_PATHS_QUOTED_FOR_TARGET_42)",
					"$(LIBRARY_SEARCH_PATHS_QUOTED_FOR_TARGET_43)",
					"$(LIBRARY_SEARCH_PATHS_QUOTED_FOR_TARGET_44)",
					"$(LIBRARY_SEARCH_PATHS_QUOTED_FOR_TARGET_45)",
					"$(LIBRARY_SEARCH_PATHS_QUOTED_FOR_TARGET_46)",
					"$(LIBRARY_SEARCH_PATHS_QUOTED_FOR_TARGET_47)",
					"$(LIBRARY_SEARCH_PATHS_QUOTED_FOR_TARGET_48)",
					"$(LIBRARY_SEARCH_PATHS_QUOTED_FOR_TARGET_49)",
					"$(LIBRARY_SEARCH_PATHS_QUOTED_FOR_TARGET_50)",
					"$(LIBRARY_SEARCH_PATHS_QUOTED_FOR_TARGET_51)",
					"$(LIBRARY_SEARCH_PATHS_QUOTED_FOR_TARGET_1)",
					"$(LIBRARY_SEARCH_PATHS_QUOTED_FOR_TARGET_2)",
					"$(LIBRARY_SEARCH_PATHS_QUOTED_FOR_TARGET_3)",
					"$(LIBRARY_SEARCH_PATHS_QUOTED_FOR_TARGET_4)",
					"$(LIBRARY_SEARCH_PATHS_QUOTED_FOR_TARGET_5)",
					"$(LIBRARY_SEARCH_PATHS_QUOTED_FOR_TARGET_6)",
					"$(LIBRARY_SEARCH_PATHS_QUOTED_FOR_TARGET_7)",
					"$(LIBRARY_SEARCH_PATHS_QUOTED_FOR_TARGET_8)",
					"$(LIBRARY_SEARCH_PATHS_QUOTED_FOR_TARGET_9)",
					"$(LIBRARY_SEARCH_PATHS_QUOTED_FOR_TARGET_10)",
				);
				LIBRARY_SEARCH_PATHS_QUOTED_FOR_TARGET_1 = "\"$(SRCROOT)/../../../addons/ofxJSON/wgois/lib/linux64\"";
				LIBRARY_SEARCH_PATHS_QUOTED_FOR_TARGET_10 = "\"$(SRCROOT)/ofxGamepad/libs/wgois/lib/vs2010\"";
				LIBRARY_SEARCH_PATHS_QUOTED_FOR_TARGET_2 = "\"$(SRCROOT)/../../../addons/ofxJSON/wgois/lib/osx\"";
				LIBRARY_SEARCH_PATHS_QUOTED_FOR_TARGET_3 = "\"$(SRCROOT)/../../../addons/ofxJSON/wgois/lib/vs2008\"";
				LIBRARY_SEARCH_PATHS_QUOTED_FOR_TARGET_4 = "\"$(SRCROOT)/../../../addons/ofxJSON/wgois/lib/vs2010\"";
				LIBRARY_SEARCH_PATHS_QUOTED_FOR_TARGET_5 = "\"$(SRCROOT)/ofxOsc/libs/oscpack/lib/osx\"";
				LIBRARY_SEARCH_PATHS_QUOTED_FOR_TARGET_6 = "\"$(SRCROOT)/ofxOsc/libs/oscpack/lib/osx\"";
				LIBRARY_SEARCH_PATHS_QUOTED_FOR_TARGET_7 = "\"$(SRCROOT)/ofxGamepad/libs/wgois/lib/linux64\"";
				LIBRARY_SEARCH_PATHS_QUOTED_FOR_TARGET_8 = "\"$(SRCROOT)/ofxGamepad/libs/wgois/lib/osx\"";
				LIBRARY_SEARCH_PATHS_QUOTED_FOR_TARGET_9 = "\"$(SRCROOT)/ofxGamepad/libs/wgois/lib/vs2008\"";
				PREBINDING = NO;
				PRODUCT_NAME = spectation;
				WRAPPER_EXTENSION = app;
			};
			name = Release;
		};
/* End XCBuildConfiguration section */

/* Begin XCConfigurationList section */
		E4B69B4D0A3A1720003C02F2 /* Build configuration list for PBXProject "spectation" */ = {
			isa = XCConfigurationList;
			buildConfigurations = (
				E4B69B4E0A3A1720003C02F2 /* Debug */,
				E4B69B4F0A3A1720003C02F2 /* Release */,
			);
			defaultConfigurationIsVisible = 0;
			defaultConfigurationName = Release;
		};
		E4B69B5F0A3A1757003C02F2 /* Build configuration list for PBXNativeTarget "spectation" */ = {
			isa = XCConfigurationList;
			buildConfigurations = (
				E4B69B600A3A1757003C02F2 /* Debug */,
				E4B69B610A3A1757003C02F2 /* Release */,
			);
			defaultConfigurationIsVisible = 0;
			defaultConfigurationName = Release;
		};
/* End XCConfigurationList section */
	};
	rootObject = E4B69B4C0A3A1720003C02F2 /* Project object */;
}
